
Microsoft Visual Studio Solution File, Format Version 12.00
# Visual Studio 15
VisualStudioVersion = 15.0.28307.421
MinimumVisualStudioVersion = 10.0.40219.1
Project("{2150E333-8FDC-42A3-9474-1A3956D46DE8}") = "Presentation", "Presentation", "{77836DD0-92DD-4F5D-B110-EE66335CDDF9}"
	ProjectSection(SolutionItems) = preProject
		CharmosaAPP.MVC.txt = CharmosaAPP.MVC.txt
	EndProjectSection
EndProject
Project("{2150E333-8FDC-42A3-9474-1A3956D46DE8}") = "Services", "Services", "{06E8DA63-D6CB-49E8-BFD6-79650DF71F8D}"
EndProject
Project("{2150E333-8FDC-42A3-9474-1A3956D46DE8}") = "Application", "Application", "{35B92001-AFD9-4F77-8E27-4E8A6B5FE04C}"
EndProject
Project("{2150E333-8FDC-42A3-9474-1A3956D46DE8}") = "Domain", "Domain", "{8A2EC305-0451-4CF7-9657-B6C26D4E4CC1}"
EndProject
Project("{2150E333-8FDC-42A3-9474-1A3956D46DE8}") = "Infra", "Infra", "{668E74C3-9954-4077-8B7C-3FF132C1D3DB}"
EndProject
Project("{2150E333-8FDC-42A3-9474-1A3956D46DE8}") = "Data", "Data", "{AAE61C22-C867-4811-9125-7BCF4CB7818B}"
EndProject
Project("{2150E333-8FDC-42A3-9474-1A3956D46DE8}") = "CrossCuting", "CrossCuting", "{54CA5DBA-5F5E-4733-A602-19E34963F9D6}"
EndProject
Project("{FAE04EC0-301F-11D3-BF4B-00C04F79EFBC}") = "CharmosaApp.Domain", "CharmosaAPP.Domain\CharmosaApp.Domain.csproj", "{8BD0280F-064F-40E2-AA05-17073607E96D}"
EndProject
Project("{FAE04EC0-301F-11D3-BF4B-00C04F79EFBC}") = "CharmosaApp.Infra.Data", "CharmosaApp.Infra.Data\CharmosaApp.Infra.Data.csproj", "{1575CDFD-03EC-4E1B-AF72-67D411AC2700}"
EndProject
Project("{FAE04EC0-301F-11D3-BF4B-00C04F79EFBC}") = "CharmosaApp.Application", "CharmosaApp.Application\CharmosaApp.Application.csproj", "{CEBC7745-F6E0-435A-84D5-75F7D3E28836}"
EndProject
Global
	GlobalSection(SolutionConfigurationPlatforms) = preSolution
		Debug|Any CPU = Debug|Any CPU
		Release|Any CPU = Release|Any CPU
	EndGlobalSection
	GlobalSection(ProjectConfigurationPlatforms) = postSolution
		{8BD0280F-064F-40E2-AA05-17073607E96D}.Debug|Any CPU.ActiveCfg = Debug|Any CPU
		{8BD0280F-064F-40E2-AA05-17073607E96D}.Debug|Any CPU.Build.0 = Debug|Any CPU
		{8BD0280F-064F-40E2-AA05-17073607E96D}.Release|Any CPU.ActiveCfg = Release|Any CPU
		{8BD0280F-064F-40E2-AA05-17073607E96D}.Release|Any CPU.Build.0 = Release|Any CPU
		{1575CDFD-03EC-4E1B-AF72-67D411AC2700}.Debug|Any CPU.ActiveCfg = Debug|Any CPU
		{1575CDFD-03EC-4E1B-AF72-67D411AC2700}.Debug|Any CPU.Build.0 = Debug|Any CPU
		{1575CDFD-03EC-4E1B-AF72-67D411AC2700}.Release|Any CPU.ActiveCfg = Release|Any CPU
		{1575CDFD-03EC-4E1B-AF72-67D411AC2700}.Release|Any CPU.Build.0 = Release|Any CPU
		{CEBC7745-F6E0-435A-84D5-75F7D3E28836}.Debug|Any CPU.ActiveCfg = Debug|Any CPU
		{CEBC7745-F6E0-435A-84D5-75F7D3E28836}.Debug|Any CPU.Build.0 = Debug|Any CPU
		{CEBC7745-F6E0-435A-84D5-75F7D3E28836}.Release|Any CPU.ActiveCfg = Release|Any CPU
		{CEBC7745-F6E0-435A-84D5-75F7D3E28836}.Release|Any CPU.Build.0 = Release|Any CPU
	EndGlobalSection
	GlobalSection(SolutionProperties) = preSolution
		HideSolutionNode = FALSE
	EndGlobalSection
	GlobalSection(NestedProjects) = preSolution
		{AAE61C22-C867-4811-9125-7BCF4CB7818B} = {668E74C3-9954-4077-8B7C-3FF132C1D3DB}
		{54CA5DBA-5F5E-4733-A602-19E34963F9D6} = {668E74C3-9954-4077-8B7C-3FF132C1D3DB}
		{8BD0280F-064F-40E2-AA05-17073607E96D} = {8A2EC305-0451-4CF7-9657-B6C26D4E4CC1}
		{1575CDFD-03EC-4E1B-AF72-67D411AC2700} = {AAE61C22-C867-4811-9125-7BCF4CB7818B}
		{CEBC7745-F6E0-435A-84D5-75F7D3E28836} = {35B92001-AFD9-4F77-8E27-4E8A6B5FE04C}
	EndGlobalSection
	GlobalSection(ExtensibilityGlobals) = postSolution
		SolutionGuid = {3222B13A-BC8B-4A9D-931E-F486551B1479}
	EndGlobalSection
EndGlobal
